
Microsoft Visual Studio Solution File, Format Version 12.00
# Visual Studio 15
VisualStudioVersion = 15.0.28307.329
MinimumVisualStudioVersion = 10.0.40219.1
Project("{9A19103F-16F7-4668-BE54-9A1E7A4F7556}") = "DbToRest.Core", "DbToRest.Core\DbToRest.Core.csproj", "{16721A5F-48AE-4178-9C09-CA7F387B2726}"
EndProject
Project("{9A19103F-16F7-4668-BE54-9A1E7A4F7556}") = "DbToRest.Services", "DbToRest.Services\DbToRest.Services.csproj", "{59984A9E-C57A-40DB-A380-DEB6188649FB}"
EndProject
Project("{9A19103F-16F7-4668-BE54-9A1E7A4F7556}") = "DbToRest.Tests", "DbToRest.Tests\DbToRest.Tests.csproj", "{EA33F976-257E-4F82-B111-D11F317852BB}"
EndProject
Project("{FAE04EC0-301F-11D3-BF4B-00C04F79EFBC}") = "DbToRest.Web", "DbToRest.Web\DbToRest.Web.csproj", "{B583D79D-42EB-450D-9BA2-7F4E1C936A4B}"
EndProject
Global
	GlobalSection(SolutionConfigurationPlatforms) = preSolution
		Debug|Any CPU = Debug|Any CPU
		Release|Any CPU = Release|Any CPU
	EndGlobalSection
	GlobalSection(ProjectConfigurationPlatforms) = postSolution
		{16721A5F-48AE-4178-9C09-CA7F387B2726}.Debug|Any CPU.ActiveCfg = Debug|Any CPU
		{16721A5F-48AE-4178-9C09-CA7F387B2726}.Debug|Any CPU.Build.0 = Debug|Any CPU
		{16721A5F-48AE-4178-9C09-CA7F387B2726}.Release|Any CPU.ActiveCfg = Release|Any CPU
		{16721A5F-48AE-4178-9C09-CA7F387B2726}.Release|Any CPU.Build.0 = Release|Any CPU
		{59984A9E-C57A-40DB-A380-DEB6188649FB}.Debug|Any CPU.ActiveCfg = Debug|Any CPU
		{59984A9E-C57A-40DB-A380-DEB6188649FB}.Debug|Any CPU.Build.0 = Debug|Any CPU
		{59984A9E-C57A-40DB-A380-DEB6188649FB}.Release|Any CPU.ActiveCfg = Release|Any CPU
		{59984A9E-C57A-40DB-A380-DEB6188649FB}.Release|Any CPU.Build.0 = Release|Any CPU
		{EA33F976-257E-4F82-B111-D11F317852BB}.Debug|Any CPU.ActiveCfg = Debug|Any CPU
		{EA33F976-257E-4F82-B111-D11F317852BB}.Debug|Any CPU.Build.0 = Debug|Any CPU
		{EA33F976-257E-4F82-B111-D11F317852BB}.Release|Any CPU.ActiveCfg = Release|Any CPU
		{EA33F976-257E-4F82-B111-D11F317852BB}.Release|Any CPU.Build.0 = Release|Any CPU
		{B583D79D-42EB-450D-9BA2-7F4E1C936A4B}.Debug|Any CPU.ActiveCfg = Debug|Any CPU
		{B583D79D-42EB-450D-9BA2-7F4E1C936A4B}.Debug|Any CPU.Build.0 = Debug|Any CPU
		{B583D79D-42EB-450D-9BA2-7F4E1C936A4B}.Release|Any CPU.ActiveCfg = Release|Any CPU
		{B583D79D-42EB-450D-9BA2-7F4E1C936A4B}.Release|Any CPU.Build.0 = Release|Any CPU
	EndGlobalSection
	GlobalSection(SolutionProperties) = preSolution
		HideSolutionNode = FALSE
	EndGlobalSection
	GlobalSection(ExtensibilityGlobals) = postSolution
		SolutionGuid = {EA880079-731C-40D9-9975-D36F2C443C85}
	EndGlobalSection
EndGlobal
